
Microsoft Visual Studio Solution File, Format Version 12.00
# Visual Studio Version 17
VisualStudioVersion = 17.3.32825.248
MinimumVisualStudioVersion = 10.0.40219.1
Project("{8BC9CEB8-8B4A-11D0-8D11-00A0C91BC942}") = "Project15", "Project15\Project15.vcxproj", "{1BA2FD25-9A60-465F-94EA-DBAF0D6ADA7D}"
EndProject
Global
	GlobalSection(SolutionConfigurationPlatforms) = preSolution
		Debug|x64 = Debug|x64
		Debug|x86 = Debug|x86
		Release|x64 = Release|x64
		Release|x86 = Release|x86
	EndGlobalSection
	GlobalSection(ProjectConfigurationPlatforms) = postSolution
		{1BA2FD25-9A60-465F-94EA-DBAF0D6ADA7D}.Debug|x64.ActiveCfg = Debug|x64
		{1BA2FD25-9A60-465F-94EA-DBAF0D6ADA7D}.Debug|x64.Build.0 = Debug|x64
		{1BA2FD25-9A60-465F-94EA-DBAF0D6ADA7D}.Debug|x86.ActiveCfg = Debug|Win32
		{1BA2FD25-9A60-465F-94EA-DBAF0D6ADA7D}.Debug|x86.Build.0 = Debug|Win32
		{1BA2FD25-9A60-465F-94EA-DBAF0D6ADA7D}.Release|x64.ActiveCfg = Release|x64
		{1BA2FD25-9A60-465F-94EA-DBAF0D6ADA7D}.Release|x64.Build.0 = Release|x64
		{1BA2FD25-9A60-465F-94EA-DBAF0D6ADA7D}.Release|x86.ActiveCfg = Release|Win32
		{1BA2FD25-9A60-465F-94EA-DBAF0D6ADA7D}.Release|x86.Build.0 = Release|Win32
	EndGlobalSection
	GlobalSection(SolutionProperties) = preSolution
		HideSolutionNode = FALSE
	EndGlobalSection
	GlobalSection(ExtensibilityGlobals) = postSolution
		SolutionGuid = {C32F1A41-B921-4586-980A-14B80F09B75E}
	EndGlobalSection
EndGlobal
